// !$*UTF8*$!
{
	archiveVersion = 1;
	classes = {
	};
	objectVersion = 56;
	objects = {

/* Begin PBXBuildFile section */
		2AF6B63D10BCE4B74F49B4FD /* Pods_UITestTests.framework in Frameworks */ = {isa = PBXBuildFile; fileRef = 0D8332F16E939C951FE0D095 /* Pods_UITestTests.framework */; };
		4D1927680846069F97CB8734 /* Pods_UITest.framework in Frameworks */ = {isa = PBXBuildFile; fileRef = BC49F955040AA64B25FADF17 /* Pods_UITest.framework */; };
		BC42693B2A9E32450048CA12 /* AppDelegate.swift in Sources */ = {isa = PBXBuildFile; fileRef = BC42693A2A9E32450048CA12 /* AppDelegate.swift */; };
		BC42693F2A9E32450048CA12 /* ViewController.swift in Sources */ = {isa = PBXBuildFile; fileRef = BC42693E2A9E32450048CA12 /* ViewController.swift */; };
		BC4269422A9E32450048CA12 /* Main.storyboard in Resources */ = {isa = PBXBuildFile; fileRef = BC4269402A9E32450048CA12 /* Main.storyboard */; };
		BC4269452A9E32450048CA12 /* UITest.xcdatamodeld in Sources */ = {isa = PBXBuildFile; fileRef = BC4269432A9E32450048CA12 /* UITest.xcdatamodeld */; };
		BC4269472A9E32450048CA12 /* Assets.xcassets in Resources */ = {isa = PBXBuildFile; fileRef = BC4269462A9E32450048CA12 /* Assets.xcassets */; };
		BC42694A2A9E32450048CA12 /* LaunchScreen.storyboard in Resources */ = {isa = PBXBuildFile; fileRef = BC4269482A9E32450048CA12 /* LaunchScreen.storyboard */; };
		BC4269552A9E32450048CA12 /* UITestTests.swift in Sources */ = {isa = PBXBuildFile; fileRef = BC4269542A9E32450048CA12 /* UITestTests.swift */; };
		BC42695F2A9E32450048CA12 /* UITestUITests.swift in Sources */ = {isa = PBXBuildFile; fileRef = BC42695E2A9E32450048CA12 /* UITestUITests.swift */; };
		BC4269612A9E32450048CA12 /* UITestUITestsLaunchTests.swift in Sources */ = {isa = PBXBuildFile; fileRef = BC4269602A9E32450048CA12 /* UITestUITestsLaunchTests.swift */; };
		E0D655F217FC0691399EAF3A /* Pods_UITest_UITestUITests.framework in Frameworks */ = {isa = PBXBuildFile; fileRef = 535977F792864E517491C9E4 /* Pods_UITest_UITestUITests.framework */; };
/* End PBXBuildFile section */

/* Begin PBXContainerItemProxy section */
		BC4269512A9E32450048CA12 /* PBXContainerItemProxy */ = {
			isa = PBXContainerItemProxy;
			containerPortal = BC42692F2A9E32450048CA12 /* Project object */;
			proxyType = 1;
			remoteGlobalIDString = BC4269362A9E32450048CA12;
			remoteInfo = UITest;
		};
		BC42695B2A9E32450048CA12 /* PBXContainerItemProxy */ = {
			isa = PBXContainerItemProxy;
			containerPortal = BC42692F2A9E32450048CA12 /* Project object */;
			proxyType = 1;
			remoteGlobalIDString = BC4269362A9E32450048CA12;
			remoteInfo = UITest;
		};
/* End PBXContainerItemProxy section */

/* Begin PBXFileReference section */
		07FA68FAB2189C74CE562C32 /* Pods-UITest.release.xcconfig */ = {isa = PBXFileReference; includeInIndex = 1; lastKnownFileType = text.xcconfig; name = "Pods-UITest.release.xcconfig"; path = "Target Support Files/Pods-UITest/Pods-UITest.release.xcconfig"; sourceTree = "<group>"; };
		0D8332F16E939C951FE0D095 /* Pods_UITestTests.framework */ = {isa = PBXFileReference; explicitFileType = wrapper.framework; includeInIndex = 0; path = Pods_UITestTests.framework; sourceTree = BUILT_PRODUCTS_DIR; };
		0DECC00432B06385393466F9 /* Pods-UITest-UITestUITests.debug.xcconfig */ = {isa = PBXFileReference; includeInIndex = 1; lastKnownFileType = text.xcconfig; name = "Pods-UITest-UITestUITests.debug.xcconfig"; path = "Target Support Files/Pods-UITest-UITestUITests/Pods-UITest-UITestUITests.debug.xcconfig"; sourceTree = "<group>"; };
		535977F792864E517491C9E4 /* Pods_UITest_UITestUITests.framework */ = {isa = PBXFileReference; explicitFileType = wrapper.framework; includeInIndex = 0; path = Pods_UITest_UITestUITests.framework; sourceTree = BUILT_PRODUCTS_DIR; };
		ABC14D984068A9BA44145027 /* Pods-UITestTests.debug.xcconfig */ = {isa = PBXFileReference; includeInIndex = 1; lastKnownFileType = text.xcconfig; name = "Pods-UITestTests.debug.xcconfig"; path = "Target Support Files/Pods-UITestTests/Pods-UITestTests.debug.xcconfig"; sourceTree = "<group>"; };
		BC4269372A9E32450048CA12 /* UITest.app */ = {isa = PBXFileReference; explicitFileType = wrapper.application; includeInIndex = 0; path = UITest.app; sourceTree = BUILT_PRODUCTS_DIR; };
		BC42693A2A9E32450048CA12 /* AppDelegate.swift */ = {isa = PBXFileReference; lastKnownFileType = sourcecode.swift; path = AppDelegate.swift; sourceTree = "<group>"; };
		BC42693E2A9E32450048CA12 /* ViewController.swift */ = {isa = PBXFileReference; lastKnownFileType = sourcecode.swift; path = ViewController.swift; sourceTree = "<group>"; };
		BC4269412A9E32450048CA12 /* Base */ = {isa = PBXFileReference; lastKnownFileType = file.storyboard; name = Base; path = Base.lproj/Main.storyboard; sourceTree = "<group>"; };
		BC4269442A9E32450048CA12 /* UITest.xcdatamodel */ = {isa = PBXFileReference; lastKnownFileType = wrapper.xcdatamodel; path = UITest.xcdatamodel; sourceTree = "<group>"; };
		BC4269462A9E32450048CA12 /* Assets.xcassets */ = {isa = PBXFileReference; lastKnownFileType = folder.assetcatalog; path = Assets.xcassets; sourceTree = "<group>"; };
		BC4269492A9E32450048CA12 /* Base */ = {isa = PBXFileReference; lastKnownFileType = file.storyboard; name = Base; path = Base.lproj/LaunchScreen.storyboard; sourceTree = "<group>"; };
		BC42694B2A9E32450048CA12 /* Info.plist */ = {isa = PBXFileReference; lastKnownFileType = text.plist.xml; path = Info.plist; sourceTree = "<group>"; };
		BC4269502A9E32450048CA12 /* UITestTests.xctest */ = {isa = PBXFileReference; explicitFileType = wrapper.cfbundle; includeInIndex = 0; path = UITestTests.xctest; sourceTree = BUILT_PRODUCTS_DIR; };
		BC4269542A9E32450048CA12 /* UITestTests.swift */ = {isa = PBXFileReference; lastKnownFileType = sourcecode.swift; path = UITestTests.swift; sourceTree = "<group>"; };
		BC42695A2A9E32450048CA12 /* UITestUITests.xctest */ = {isa = PBXFileReference; explicitFileType = wrapper.cfbundle; includeInIndex = 0; path = UITestUITests.xctest; sourceTree = BUILT_PRODUCTS_DIR; };
		BC42695E2A9E32450048CA12 /* UITestUITests.swift */ = {isa = PBXFileReference; lastKnownFileType = sourcecode.swift; path = UITestUITests.swift; sourceTree = "<group>"; };
		BC4269602A9E32450048CA12 /* UITestUITestsLaunchTests.swift */ = {isa = PBXFileReference; lastKnownFileType = sourcecode.swift; path = UITestUITestsLaunchTests.swift; sourceTree = "<group>"; };
		BC49F955040AA64B25FADF17 /* Pods_UITest.framework */ = {isa = PBXFileReference; explicitFileType = wrapper.framework; includeInIndex = 0; path = Pods_UITest.framework; sourceTree = BUILT_PRODUCTS_DIR; };
		CB045AAF98BF0A4944439232 /* Pods-UITest-UITestUITests.release.xcconfig */ = {isa = PBXFileReference; includeInIndex = 1; lastKnownFileType = text.xcconfig; name = "Pods-UITest-UITestUITests.release.xcconfig"; path = "Target Support Files/Pods-UITest-UITestUITests/Pods-UITest-UITestUITests.release.xcconfig"; sourceTree = "<group>"; };
		CF0F6F5036D9BF6570C32DD1 /* Pods-UITestTests.release.xcconfig */ = {isa = PBXFileReference; includeInIndex = 1; lastKnownFileType = text.xcconfig; name = "Pods-UITestTests.release.xcconfig"; path = "Target Support Files/Pods-UITestTests/Pods-UITestTests.release.xcconfig"; sourceTree = "<group>"; };
		EAA72DCB96287568DF437A1D /* Pods-UITest.debug.xcconfig */ = {isa = PBXFileReference; includeInIndex = 1; lastKnownFileType = text.xcconfig; name = "Pods-UITest.debug.xcconfig"; path = "Target Support Files/Pods-UITest/Pods-UITest.debug.xcconfig"; sourceTree = "<group>"; };
/* End PBXFileReference section */

/* Begin PBXFrameworksBuildPhase section */
		BC4269342A9E32450048CA12 /* Frameworks */ = {
			isa = PBXFrameworksBuildPhase;
			buildActionMask = 2147483647;
			files = (
				4D1927680846069F97CB8734 /* Pods_UITest.framework in Frameworks */,
			);
			runOnlyForDeploymentPostprocessing = 0;
		};
		BC42694D2A9E32450048CA12 /* Frameworks */ = {
			isa = PBXFrameworksBuildPhase;
			buildActionMask = 2147483647;
			files = (
				2AF6B63D10BCE4B74F49B4FD /* Pods_UITestTests.framework in Frameworks */,
			);
			runOnlyForDeploymentPostprocessing = 0;
		};
		BC4269572A9E32450048CA12 /* Frameworks */ = {
			isa = PBXFrameworksBuildPhase;
			buildActionMask = 2147483647;
			files = (
				E0D655F217FC0691399EAF3A /* Pods_UITest_UITestUITests.framework in Frameworks */,
			);
			runOnlyForDeploymentPostprocessing = 0;
		};
/* End PBXFrameworksBuildPhase section */

/* Begin PBXGroup section */
		31ADED0EC687DE60AB4AAA55 /* Frameworks */ = {
			isa = PBXGroup;
			children = (
				BC49F955040AA64B25FADF17 /* Pods_UITest.framework */,
				535977F792864E517491C9E4 /* Pods_UITest_UITestUITests.framework */,
				0D8332F16E939C951FE0D095 /* Pods_UITestTests.framework */,
			);
			name = Frameworks;
			sourceTree = "<group>";
		};
		BC42692E2A9E32450048CA12 = {
			isa = PBXGroup;
			children = (
				BC4269392A9E32450048CA12 /* UITest */,
				BC4269532A9E32450048CA12 /* UITestTests */,
				BC42695D2A9E32450048CA12 /* UITestUITests */,
				BC4269382A9E32450048CA12 /* Products */,
				BCAF7CDF45BAF62345FDA5AF /* Pods */,
				31ADED0EC687DE60AB4AAA55 /* Frameworks */,
			);
			sourceTree = "<group>";
		};
		BC4269382A9E32450048CA12 /* Products */ = {
			isa = PBXGroup;
			children = (
				BC4269372A9E32450048CA12 /* UITest.app */,
				BC4269502A9E32450048CA12 /* UITestTests.xctest */,
				BC42695A2A9E32450048CA12 /* UITestUITests.xctest */,
			);
			name = Products;
			sourceTree = "<group>";
		};
		BC4269392A9E32450048CA12 /* UITest */ = {
			isa = PBXGroup;
			children = (
				BC42693A2A9E32450048CA12 /* AppDelegate.swift */,
				BC42693E2A9E32450048CA12 /* ViewController.swift */,
				BC4269402A9E32450048CA12 /* Main.storyboard */,
				BC4269462A9E32450048CA12 /* Assets.xcassets */,
				BC4269482A9E32450048CA12 /* LaunchScreen.storyboard */,
				BC42694B2A9E32450048CA12 /* Info.plist */,
				BC4269432A9E32450048CA12 /* UITest.xcdatamodeld */,
			);
			path = UITest;
			sourceTree = "<group>";
		};
		BC4269532A9E32450048CA12 /* UITestTests */ = {
			isa = PBXGroup;
			children = (
				BC4269542A9E32450048CA12 /* UITestTests.swift */,
			);
			path = UITestTests;
			sourceTree = "<group>";
		};
		BC42695D2A9E32450048CA12 /* UITestUITests */ = {
			isa = PBXGroup;
			children = (
				BC42695E2A9E32450048CA12 /* UITestUITests.swift */,
				BC4269602A9E32450048CA12 /* UITestUITestsLaunchTests.swift */,
			);
			path = UITestUITests;
			sourceTree = "<group>";
		};
		BCAF7CDF45BAF62345FDA5AF /* Pods */ = {
			isa = PBXGroup;
			children = (
				EAA72DCB96287568DF437A1D /* Pods-UITest.debug.xcconfig */,
				07FA68FAB2189C74CE562C32 /* Pods-UITest.release.xcconfig */,
				0DECC00432B06385393466F9 /* Pods-UITest-UITestUITests.debug.xcconfig */,
				CB045AAF98BF0A4944439232 /* Pods-UITest-UITestUITests.release.xcconfig */,
				ABC14D984068A9BA44145027 /* Pods-UITestTests.debug.xcconfig */,
				CF0F6F5036D9BF6570C32DD1 /* Pods-UITestTests.release.xcconfig */,
			);
			name = Pods;
			path = Pods;
			sourceTree = "<group>";
		};
/* End PBXGroup section */

/* Begin PBXNativeTarget section */
		BC4269362A9E32450048CA12 /* UITest */ = {
			isa = PBXNativeTarget;
			buildConfigurationList = BC4269642A9E32450048CA12 /* Build configuration list for PBXNativeTarget "UITest" */;
			buildPhases = (
				A5254FFE80F745B0A572C6F7 /* [CP] Check Pods Manifest.lock */,
				BC4269332A9E32450048CA12 /* Sources */,
				BC4269342A9E32450048CA12 /* Frameworks */,
				BC4269352A9E32450048CA12 /* Resources */,
				486E9EE5EEA29F814D3A8F3C /* [CP] Embed Pods Frameworks */,
			);
			buildRules = (
			);
			dependencies = (
			);
			name = UITest;
			productName = UITest;
			productReference = BC4269372A9E32450048CA12 /* UITest.app */;
			productType = "com.apple.product-type.application";
		};
		BC42694F2A9E32450048CA12 /* UITestTests */ = {
			isa = PBXNativeTarget;
			buildConfigurationList = BC4269672A9E32450048CA12 /* Build configuration list for PBXNativeTarget "UITestTests" */;
			buildPhases = (
				468ABBC25D265AA90107E2D1 /* [CP] Check Pods Manifest.lock */,
				BC42694C2A9E32450048CA12 /* Sources */,
				BC42694D2A9E32450048CA12 /* Frameworks */,
				BC42694E2A9E32450048CA12 /* Resources */,
			);
			buildRules = (
			);
			dependencies = (
				BC4269522A9E32450048CA12 /* PBXTargetDependency */,
			);
			name = UITestTests;
			productName = UITestTests;
			productReference = BC4269502A9E32450048CA12 /* UITestTests.xctest */;
			productType = "com.apple.product-type.bundle.unit-test";
		};
		BC4269592A9E32450048CA12 /* UITestUITests */ = {
			isa = PBXNativeTarget;
			buildConfigurationList = BC42696A2A9E32450048CA12 /* Build configuration list for PBXNativeTarget "UITestUITests" */;
			buildPhases = (
				201185EBB6EC36A6D1689C45 /* [CP] Check Pods Manifest.lock */,
				BC4269562A9E32450048CA12 /* Sources */,
				BC4269572A9E32450048CA12 /* Frameworks */,
				BC4269582A9E32450048CA12 /* Resources */,
				832CEC5AE731ABF161021B27 /* [CP] Embed Pods Frameworks */,
			);
			buildRules = (
			);
			dependencies = (
				BC42695C2A9E32450048CA12 /* PBXTargetDependency */,
			);
			name = UITestUITests;
			productName = UITestUITests;
			productReference = BC42695A2A9E32450048CA12 /* UITestUITests.xctest */;
			productType = "com.apple.product-type.bundle.ui-testing";
		};
/* End PBXNativeTarget section */

/* Begin PBXProject section */
		BC42692F2A9E32450048CA12 /* Project object */ = {
			isa = PBXProject;
			attributes = {
				BuildIndependentTargetsInParallel = 1;
				LastSwiftUpdateCheck = 1430;
				LastUpgradeCheck = 1430;
				TargetAttributes = {
					BC4269362A9E32450048CA12 = {
						CreatedOnToolsVersion = 14.3;
					};
					BC42694F2A9E32450048CA12 = {
						CreatedOnToolsVersion = 14.3;
						TestTargetID = BC4269362A9E32450048CA12;
					};
					BC4269592A9E32450048CA12 = {
						CreatedOnToolsVersion = 14.3;
						TestTargetID = BC4269362A9E32450048CA12;
					};
				};
			};
			buildConfigurationList = BC4269322A9E32450048CA12 /* Build configuration list for PBXProject "UITest" */;
			compatibilityVersion = "Xcode 14.0";
			developmentRegion = en;
			hasScannedForEncodings = 0;
			knownRegions = (
				en,
				Base,
			);
			mainGroup = BC42692E2A9E32450048CA12;
			productRefGroup = BC4269382A9E32450048CA12 /* Products */;
			projectDirPath = "";
			projectRoot = "";
			targets = (
				BC4269362A9E32450048CA12 /* UITest */,
				BC42694F2A9E32450048CA12 /* UITestTests */,
				BC4269592A9E32450048CA12 /* UITestUITests */,
			);
		};
/* End PBXProject section */

/* Begin PBXResourcesBuildPhase section */
		BC4269352A9E32450048CA12 /* Resources */ = {
			isa = PBXResourcesBuildPhase;
			buildActionMask = 2147483647;
			files = (
				BC42694A2A9E32450048CA12 /* LaunchScreen.storyboard in Resources */,
				BC4269472A9E32450048CA12 /* Assets.xcassets in Resources */,
				BC4269422A9E32450048CA12 /* Main.storyboard in Resources */,
			);
			runOnlyForDeploymentPostprocessing = 0;
		};
		BC42694E2A9E32450048CA12 /* Resources */ = {
			isa = PBXResourcesBuildPhase;
			buildActionMask = 2147483647;
			files = (
			);
			runOnlyForDeploymentPostprocessing = 0;
		};
		BC4269582A9E32450048CA12 /* Resources */ = {
			isa = PBXResourcesBuildPhase;
			buildActionMask = 2147483647;
			files = (
			);
			runOnlyForDeploymentPostprocessing = 0;
		};
/* End PBXResourcesBuildPhase section */

/* Begin PBXShellScriptBuildPhase section */
		201185EBB6EC36A6D1689C45 /* [CP] Check Pods Manifest.lock */ = {
			isa = PBXShellScriptBuildPhase;
			buildActionMask = 2147483647;
			files = (
			);
			inputFileListPaths = (
			);
			inputPaths = (
				"${PODS_PODFILE_DIR_PATH}/Podfile.lock",
				"${PODS_ROOT}/Manifest.lock",
			);
			name = "[CP] Check Pods Manifest.lock";
			outputFileListPaths = (
			);
			outputPaths = (
				"$(DERIVED_FILE_DIR)/Pods-UITest-UITestUITests-checkManifestLockResult.txt",
			);
			runOnlyForDeploymentPostprocessing = 0;
			shellPath = /bin/sh;
			shellScript = "diff \"${PODS_PODFILE_DIR_PATH}/Podfile.lock\" \"${PODS_ROOT}/Manifest.lock\" > /dev/null\nif [ $? != 0 ] ; then\n    # print error to STDERR\n    echo \"error: The sandbox is not in sync with the Podfile.lock. Run 'pod install' or update your CocoaPods installation.\" >&2\n    exit 1\nfi\n# This output is used by Xcode 'outputs' to avoid re-running this script phase.\necho \"SUCCESS\" > \"${SCRIPT_OUTPUT_FILE_0}\"\n";
			showEnvVarsInLog = 0;
		};
		468ABBC25D265AA90107E2D1 /* [CP] Check Pods Manifest.lock */ = {
			isa = PBXShellScriptBuildPhase;
			buildActionMask = 2147483647;
			files = (
			);
			inputFileListPaths = (
			);
			inputPaths = (
				"${PODS_PODFILE_DIR_PATH}/Podfile.lock",
				"${PODS_ROOT}/Manifest.lock",
			);
			name = "[CP] Check Pods Manifest.lock";
			outputFileListPaths = (
			);
			outputPaths = (
				"$(DERIVED_FILE_DIR)/Pods-UITestTests-checkManifestLockResult.txt",
			);
			runOnlyForDeploymentPostprocessing = 0;
			shellPath = /bin/sh;
			shellScript = "diff \"${PODS_PODFILE_DIR_PATH}/Podfile.lock\" \"${PODS_ROOT}/Manifest.lock\" > /dev/null\nif [ $? != 0 ] ; then\n    # print error to STDERR\n    echo \"error: The sandbox is not in sync with the Podfile.lock. Run 'pod install' or update your CocoaPods installation.\" >&2\n    exit 1\nfi\n# This output is used by Xcode 'outputs' to avoid re-running this script phase.\necho \"SUCCESS\" > \"${SCRIPT_OUTPUT_FILE_0}\"\n";
			showEnvVarsInLog = 0;
		};
		486E9EE5EEA29F814D3A8F3C /* [CP] Embed Pods Frameworks */ = {
			isa = PBXShellScriptBuildPhase;
			buildActionMask = 2147483647;
			files = (
			);
			inputFileListPaths = (
				"${PODS_ROOT}/Target Support Files/Pods-UITest/Pods-UITest-frameworks-${CONFIGURATION}-input-files.xcfilelist",
			);
			name = "[CP] Embed Pods Frameworks";
			outputFileListPaths = (
				"${PODS_ROOT}/Target Support Files/Pods-UITest/Pods-UITest-frameworks-${CONFIGURATION}-output-files.xcfilelist",
			);
			runOnlyForDeploymentPostprocessing = 0;
			shellPath = /bin/sh;
			shellScript = "\"${PODS_ROOT}/Target Support Files/Pods-UITest/Pods-UITest-frameworks.sh\"\n";
			showEnvVarsInLog = 0;
		};
		832CEC5AE731ABF161021B27 /* [CP] Embed Pods Frameworks */ = {
			isa = PBXShellScriptBuildPhase;
			buildActionMask = 2147483647;
			files = (
			);
			inputFileListPaths = (
				"${PODS_ROOT}/Target Support Files/Pods-UITest-UITestUITests/Pods-UITest-UITestUITests-frameworks-${CONFIGURATION}-input-files.xcfilelist",
			);
			name = "[CP] Embed Pods Frameworks";
			outputFileListPaths = (
				"${PODS_ROOT}/Target Support Files/Pods-UITest-UITestUITests/Pods-UITest-UITestUITests-frameworks-${CONFIGURATION}-output-files.xcfilelist",
			);
			runOnlyForDeploymentPostprocessing = 0;
			shellPath = /bin/sh;
			shellScript = "\"${PODS_ROOT}/Target Support Files/Pods-UITest-UITestUITests/Pods-UITest-UITestUITests-frameworks.sh\"\n";
			showEnvVarsInLog = 0;
		};
		A5254FFE80F745B0A572C6F7 /* [CP] Check Pods Manifest.lock */ = {
			isa = PBXShellScriptBuildPhase;
			buildActionMask = 2147483647;
			files = (
			);
			inputFileListPaths = (
			);
			inputPaths = (
				"${PODS_PODFILE_DIR_PATH}/Podfile.lock",
				"${PODS_ROOT}/Manifest.lock",
			);
			name = "[CP] Check Pods Manifest.lock";
			outputFileListPaths = (
			);
			outputPaths = (
				"$(DERIVED_FILE_DIR)/Pods-UITest-checkManifestLockResult.txt",
			);
			runOnlyForDeploymentPostprocessing = 0;
			shellPath = /bin/sh;
			shellScript = "diff \"${PODS_PODFILE_DIR_PATH}/Podfile.lock\" \"${PODS_ROOT}/Manifest.lock\" > /dev/null\nif [ $? != 0 ] ; then\n    # print error to STDERR\n    echo \"error: The sandbox is not in sync with the Podfile.lock. Run 'pod install' or update your CocoaPods installation.\" >&2\n    exit 1\nfi\n# This output is used by Xcode 'outputs' to avoid re-running this script phase.\necho \"SUCCESS\" > \"${SCRIPT_OUTPUT_FILE_0}\"\n";
			showEnvVarsInLog = 0;
		};
/* End PBXShellScriptBuildPhase section */

/* Begin PBXSourcesBuildPhase section */
		BC4269332A9E32450048CA12 /* Sources */ = {
			isa = PBXSourcesBuildPhase;
			buildActionMask = 2147483647;
			files = (
				BC42693F2A9E32450048CA12 /* ViewController.swift in Sources */,
				BC4269452A9E32450048CA12 /* UITest.xcdatamodeld in Sources */,
				BC42693B2A9E32450048CA12 /* AppDelegate.swift in Sources */,
			);
			runOnlyForDeploymentPostprocessing = 0;
		};
		BC42694C2A9E32450048CA12 /* Sources */ = {
			isa = PBXSourcesBuildPhase;
			buildActionMask = 2147483647;
			files = (
				BC4269552A9E32450048CA12 /* UITestTests.swift in Sources */,
			);
			runOnlyForDeploymentPostprocessing = 0;
		};
		BC4269562A9E32450048CA12 /* Sources */ = {
			isa = PBXSourcesBuildPhase;
			buildActionMask = 2147483647;
			files = (
				BC4269612A9E32450048CA12 /* UITestUITestsLaunchTests.swift in Sources */,
				BC42695F2A9E32450048CA12 /* UITestUITests.swift in Sources */,
			);
			runOnlyForDeploymentPostprocessing = 0;
		};
/* End PBXSourcesBuildPhase section */

/* Begin PBXTargetDependency section */
		BC4269522A9E32450048CA12 /* PBXTargetDependency */ = {
			isa = PBXTargetDependency;
			target = BC4269362A9E32450048CA12 /* UITest */;
			targetProxy = BC4269512A9E32450048CA12 /* PBXContainerItemProxy */;
		};
		BC42695C2A9E32450048CA12 /* PBXTargetDependency */ = {
			isa = PBXTargetDependency;
			target = BC4269362A9E32450048CA12 /* UITest */;
			targetProxy = BC42695B2A9E32450048CA12 /* PBXContainerItemProxy */;
		};
/* End PBXTargetDependency section */

/* Begin PBXVariantGroup section */
		BC4269402A9E32450048CA12 /* Main.storyboard */ = {
			isa = PBXVariantGroup;
			children = (
				BC4269412A9E32450048CA12 /* Base */,
			);
			name = Main.storyboard;
			sourceTree = "<group>";
		};
		BC4269482A9E32450048CA12 /* LaunchScreen.storyboard */ = {
			isa = PBXVariantGroup;
			children = (
				BC4269492A9E32450048CA12 /* Base */,
			);
			name = LaunchScreen.storyboard;
			sourceTree = "<group>";
		};
/* End PBXVariantGroup section */

/* Begin XCBuildConfiguration section */
		BC4269622A9E32450048CA12 /* Debug */ = {
			isa = XCBuildConfiguration;
			buildSettings = {
				ALWAYS_SEARCH_USER_PATHS = NO;
				CLANG_ANALYZER_NONNULL = YES;
				CLANG_ANALYZER_NUMBER_OBJECT_CONVERSION = YES_AGGRESSIVE;
				CLANG_CXX_LANGUAGE_STANDARD = "gnu++20";
				CLANG_ENABLE_MODULES = YES;
				CLANG_ENABLE_OBJC_ARC = YES;
				CLANG_ENABLE_OBJC_WEAK = YES;
				CLANG_WARN_BLOCK_CAPTURE_AUTORELEASING = YES;
				CLANG_WARN_BOOL_CONVERSION = YES;
				CLANG_WARN_COMMA = YES;
				CLANG_WARN_CONSTANT_CONVERSION = YES;
				CLANG_WARN_DEPRECATED_OBJC_IMPLEMENTATIONS = YES;
				CLANG_WARN_DIRECT_OBJC_ISA_USAGE = YES_ERROR;
				CLANG_WARN_DOCUMENTATION_COMMENTS = YES;
				CLANG_WARN_EMPTY_BODY = YES;
				CLANG_WARN_ENUM_CONVERSION = YES;
				CLANG_WARN_INFINITE_RECURSION = YES;
				CLANG_WARN_INT_CONVERSION = YES;
				CLANG_WARN_NON_LITERAL_NULL_CONVERSION = YES;
				CLANG_WARN_OBJC_IMPLICIT_RETAIN_SELF = YES;
				CLANG_WARN_OBJC_LITERAL_CONVERSION = YES;
				CLANG_WARN_OBJC_ROOT_CLASS = YES_ERROR;
				CLANG_WARN_QUOTED_INCLUDE_IN_FRAMEWORK_HEADER = YES;
				CLANG_WARN_RANGE_LOOP_ANALYSIS = YES;
				CLANG_WARN_STRICT_PROTOTYPES = YES;
				CLANG_WARN_SUSPICIOUS_MOVE = YES;
				CLANG_WARN_UNGUARDED_AVAILABILITY = YES_AGGRESSIVE;
				CLANG_WARN_UNREACHABLE_CODE = YES;
				CLANG_WARN__DUPLICATE_METHOD_MATCH = YES;
				COPY_PHASE_STRIP = NO;
				DEBUG_INFORMATION_FORMAT = dwarf;
				ENABLE_STRICT_OBJC_MSGSEND = YES;
				ENABLE_TESTABILITY = YES;
				GCC_C_LANGUAGE_STANDARD = gnu11;
				GCC_DYNAMIC_NO_PIC = NO;
				GCC_NO_COMMON_BLOCKS = YES;
				GCC_OPTIMIZATION_LEVEL = 0;
				GCC_PREPROCESSOR_DEFINITIONS = (
					"DEBUG=1",
					"$(inherited)",
				);
				GCC_WARN_64_TO_32_BIT_CONVERSION = YES;
				GCC_WARN_ABOUT_RETURN_TYPE = YES_ERROR;
				GCC_WARN_UNDECLARED_SELECTOR = YES;
				GCC_WARN_UNINITIALIZED_AUTOS = YES_AGGRESSIVE;
				GCC_WARN_UNUSED_FUNCTION = YES;
				GCC_WARN_UNUSED_VARIABLE = YES;
				IPHONEOS_DEPLOYMENT_TARGET = 16.4;
				MTL_ENABLE_DEBUG_INFO = INCLUDE_SOURCE;
				MTL_FAST_MATH = YES;
				ONLY_ACTIVE_ARCH = YES;
				SDKROOT = iphoneos;
				SWIFT_ACTIVE_COMPILATION_CONDITIONS = DEBUG;
				SWIFT_OPTIMIZATION_LEVEL = "-Onone";
			};
			name = Debug;
		};
		BC4269632A9E32450048CA12 /* Release */ = {
			isa = XCBuildConfiguration;
			buildSettings = {
				ALWAYS_SEARCH_USER_PATHS = NO;
				CLANG_ANALYZER_NONNULL = YES;
				CLANG_ANALYZER_NUMBER_OBJECT_CONVERSION = YES_AGGRESSIVE;
				CLANG_CXX_LANGUAGE_STANDARD = "gnu++20";
				CLANG_ENABLE_MODULES = YES;
				CLANG_ENABLE_OBJC_ARC = YES;
				CLANG_ENABLE_OBJC_WEAK = YES;
				CLANG_WARN_BLOCK_CAPTURE_AUTORELEASING = YES;
				CLANG_WARN_BOOL_CONVERSION = YES;
				CLANG_WARN_COMMA = YES;
				CLANG_WARN_CONSTANT_CONVERSION = YES;
				CLANG_WARN_DEPRECATED_OBJC_IMPLEMENTATIONS = YES;
				CLANG_WARN_DIRECT_OBJC_ISA_USAGE = YES_ERROR;
				CLANG_WARN_DOCUMENTATION_COMMENTS = YES;
				CLANG_WARN_EMPTY_BODY = YES;
				CLANG_WARN_ENUM_CONVERSION = YES;
				CLANG_WARN_INFINITE_RECURSION = YES;
				CLANG_WARN_INT_CONVERSION = YES;
				CLANG_WARN_NON_LITERAL_NULL_CONVERSION = YES;
				CLANG_WARN_OBJC_IMPLICIT_RETAIN_SELF = YES;
				CLANG_WARN_OBJC_LITERAL_CONVERSION = YES;
				CLANG_WARN_OBJC_ROOT_CLASS = YES_ERROR;
				CLANG_WARN_QUOTED_INCLUDE_IN_FRAMEWORK_HEADER = YES;
				CLANG_WARN_RANGE_LOOP_ANALYSIS = YES;
				CLANG_WARN_STRICT_PROTOTYPES = YES;
				CLANG_WARN_SUSPICIOUS_MOVE = YES;
				CLANG_WARN_UNGUARDED_AVAILABILITY = YES_AGGRESSIVE;
				CLANG_WARN_UNREACHABLE_CODE = YES;
				CLANG_WARN__DUPLICATE_METHOD_MATCH = YES;
				COPY_PHASE_STRIP = NO;
				DEBUG_INFORMATION_FORMAT = "dwarf-with-dsym";
				ENABLE_NS_ASSERTIONS = NO;
				ENABLE_STRICT_OBJC_MSGSEND = YES;
				GCC_C_LANGUAGE_STANDARD = gnu11;
				GCC_NO_COMMON_BLOCKS = YES;
				GCC_WARN_64_TO_32_BIT_CONVERSION = YES;
				GCC_WARN_ABOUT_RETURN_TYPE = YES_ERROR;
				GCC_WARN_UNDECLARED_SELECTOR = YES;
				GCC_WARN_UNINITIALIZED_AUTOS = YES_AGGRESSIVE;
				GCC_WARN_UNUSED_FUNCTION = YES;
				GCC_WARN_UNUSED_VARIABLE = YES;
				IPHONEOS_DEPLOYMENT_TARGET = 16.4;
				MTL_ENABLE_DEBUG_INFO = NO;
				MTL_FAST_MATH = YES;
				SDKROOT = iphoneos;
				SWIFT_COMPILATION_MODE = wholemodule;
				SWIFT_OPTIMIZATION_LEVEL = "-O";
				VALIDATE_PRODUCT = YES;
			};
			name = Release;
		};
		BC4269652A9E32450048CA12 /* Debug */ = {
			isa = XCBuildConfiguration;
			baseConfigurationReference = EAA72DCB96287568DF437A1D /* Pods-UITest.debug.xcconfig */;
			buildSettings = {
				ASSETCATALOG_COMPILER_APPICON_NAME = AppIcon;
				ASSETCATALOG_COMPILER_GLOBAL_ACCENT_COLOR_NAME = AccentColor;
				CODE_SIGN_STYLE = Automatic;
				CURRENT_PROJECT_VERSION = 1;
				GENERATE_INFOPLIST_FILE = YES;
				INFOPLIST_FILE = UITest/Info.plist;
				INFOPLIST_KEY_UIApplicationSupportsIndirectInputEvents = YES;
				INFOPLIST_KEY_UILaunchStoryboardName = LaunchScreen;
				INFOPLIST_KEY_UIMainStoryboardFile = Main;
				INFOPLIST_KEY_UISupportedInterfaceOrientations_iPad = "UIInterfaceOrientationPortrait UIInterfaceOrientationPortraitUpsideDown UIInterfaceOrientationLandscapeLeft UIInterfaceOrientationLandscapeRight";
				INFOPLIST_KEY_UISupportedInterfaceOrientations_iPhone = "UIInterfaceOrientationPortrait UIInterfaceOrientationLandscapeLeft UIInterfaceOrientationLandscapeRight";
				LD_RUNPATH_SEARCH_PATHS = (
					"$(inherited)",
					"@executable_path/Frameworks",
				);
				MARKETING_VERSION = 1.0;
				PRODUCT_BUNDLE_IDENTIFIER = com.UITest;
				PRODUCT_NAME = "$(TARGET_NAME)";
				SWIFT_EMIT_LOC_STRINGS = YES;
				SWIFT_VERSION = 5.0;
				TARGETED_DEVICE_FAMILY = "1,2";
			};
			name = Debug;
		};
		BC4269662A9E32450048CA12 /* Release */ = {
			isa = XCBuildConfiguration;
			baseConfigurationReference = 07FA68FAB2189C74CE562C32 /* Pods-UITest.release.xcconfig */;
			buildSettings = {
				ASSETCATALOG_COMPILER_APPICON_NAME = AppIcon;
				ASSETCATALOG_COMPILER_GLOBAL_ACCENT_COLOR_NAME = AccentColor;
				CODE_SIGN_STYLE = Automatic;
				CURRENT_PROJECT_VERSION = 1;
				GENERATE_INFOPLIST_FILE = YES;
				INFOPLIST_FILE = UITest/Info.plist;
				INFOPLIST_KEY_UIApplicationSupportsIndirectInputEvents = YES;
				INFOPLIST_KEY_UILaunchStoryboardName = LaunchScreen;
				INFOPLIST_KEY_UIMainStoryboardFile = Main;
				INFOPLIST_KEY_UISupportedInterfaceOrientations_iPad = "UIInterfaceOrientationPortrait UIInterfaceOrientationPortraitUpsideDown UIInterfaceOrientationLandscapeLeft UIInterfaceOrientationLandscapeRight";
				INFOPLIST_KEY_UISupportedInterfaceOrientations_iPhone = "UIInterfaceOrientationPortrait UIInterfaceOrientationLandscapeLeft UIInterfaceOrientationLandscapeRight";
				LD_RUNPATH_SEARCH_PATHS = (
					"$(inherited)",
					"@executable_path/Frameworks",
				);
				MARKETING_VERSION = 1.0;
				PRODUCT_BUNDLE_IDENTIFIER = com.UITest;
				PRODUCT_NAME = "$(TARGET_NAME)";
				SWIFT_EMIT_LOC_STRINGS = YES;
				SWIFT_VERSION = 5.0;
				TARGETED_DEVICE_FAMILY = "1,2";
			};
			name = Release;
		};
		BC4269682A9E32450048CA12 /* Debug */ = {
			isa = XCBuildConfiguration;
			baseConfigurationReference = ABC14D984068A9BA44145027 /* Pods-UITestTests.debug.xcconfig */;
			buildSettings = {
				ALWAYS_EMBED_SWIFT_STANDARD_LIBRARIES = YES;
				BUNDLE_LOADER = "$(TEST_HOST)";
				CODE_SIGN_STYLE = Automatic;
				CURRENT_PROJECT_VERSION = 1;
				GENERATE_INFOPLIST_FILE = YES;
				IPHONEOS_DEPLOYMENT_TARGET = 16.4;
				MARKETING_VERSION = 1.0;
				PRODUCT_BUNDLE_IDENTIFIER = com.UITestTests;
				PRODUCT_NAME = "$(TARGET_NAME)";
				SWIFT_EMIT_LOC_STRINGS = NO;
				SWIFT_VERSION = 5.0;
				TARGETED_DEVICE_FAMILY = "1,2";
				TEST_HOST = "$(BUILT_PRODUCTS_DIR)/UITest.app/$(BUNDLE_EXECUTABLE_FOLDER_PATH)/UITest";
			};
			name = Debug;
		};
		BC4269692A9E32450048CA12 /* Release */ = {
			isa = XCBuildConfiguration;
			baseConfigurationReference = CF0F6F5036D9BF6570C32DD1 /* Pods-UITestTests.release.xcconfig */;
			buildSettings = {
				ALWAYS_EMBED_SWIFT_STANDARD_LIBRARIES = YES;
				BUNDLE_LOADER = "$(TEST_HOST)";
				CODE_SIGN_STYLE = Automatic;
				CURRENT_PROJECT_VERSION = 1;
				GENERATE_INFOPLIST_FILE = YES;
				IPHONEOS_DEPLOYMENT_TARGET = 16.4;
				MARKETING_VERSION = 1.0;
				PRODUCT_BUNDLE_IDENTIFIER = com.UITestTests;
				PRODUCT_NAME = "$(TARGET_NAME)";
				SWIFT_EMIT_LOC_STRINGS = NO;
				SWIFT_VERSION = 5.0;
				TARGETED_DEVICE_FAMILY = "1,2";
				TEST_HOST = "$(BUILT_PRODUCTS_DIR)/UITest.app/$(BUNDLE_EXECUTABLE_FOLDER_PATH)/UITest";
			};
			name = Release;
		};
		BC42696B2A9E32450048CA12 /* Debug */ = {
			isa = XCBuildConfiguration;
			baseConfigurationReference = 0DECC00432B06385393466F9 /* Pods-UITest-UITestUITests.debug.xcconfig */;
			buildSettings = {
				ALWAYS_EMBED_SWIFT_STANDARD_LIBRARIES = YES;
				CODE_SIGN_STYLE = Automatic;
				CURRENT_PROJECT_VERSION = 1;
				GENERATE_INFOPLIST_FILE = YES;
				MARKETING_VERSION = 1.0;
				PRODUCT_BUNDLE_IDENTIFIER = com.UITestUITests;
				PRODUCT_NAME = "$(TARGET_NAME)";
				SWIFT_EMIT_LOC_STRINGS = NO;
				SWIFT_VERSION = 5.0;
				TARGETED_DEVICE_FAMILY = "1,2";
				TEST_TARGET_NAME = UITest;
			};
			name = Debug;
		};
		BC42696C2A9E32450048CA12 /* Release */ = {
			isa = XCBuildConfiguration;
			baseConfigurationReference = CB045AAF98BF0A4944439232 /* Pods-UITest-UITestUITests.release.xcconfig */;
			buildSettings = {
				ALWAYS_EMBED_SWIFT_STANDARD_LIBRARIES = YES;
				CODE_SIGN_STYLE = Automatic;
				CURRENT_PROJECT_VERSION = 1;
				GENERATE_INFOPLIST_FILE = YES;
				MARKETING_VERSION = 1.0;
				PRODUCT_BUNDLE_IDENTIFIER = com.UITestUITests;
				PRODUCT_NAME = "$(TARGET_NAME)";
				SWIFT_EMIT_LOC_STRINGS = NO;
				SWIFT_VERSION = 5.0;
				TARGETED_DEVICE_FAMILY = "1,2";
				TEST_TARGET_NAME = UITest;
			};
			name = Release;
		};
/* End XCBuildConfiguration section */

/* Begin XCConfigurationList section */
		BC4269322A9E32450048CA12 /* Build configuration list for PBXProject "UITest" */ = {
			isa = XCConfigurationList;
			buildConfigurations = (
				BC4269622A9E32450048CA12 /* Debug */,
				BC4269632A9E32450048CA12 /* Release */,
			);
			defaultConfigurationIsVisible = 0;
			defaultConfigurationName = Release;
		};
		BC4269642A9E32450048CA12 /* Build configuration list for PBXNativeTarget "UITest" */ = {
			isa = XCConfigurationList;
			buildConfigurations = (
				BC4269652A9E32450048CA12 /* Debug */,
				BC4269662A9E32450048CA12 /* Release */,
			);
			defaultConfigurationIsVisible = 0;
			defaultConfigurationName = Release;
		};
		BC4269672A9E32450048CA12 /* Build configuration list for PBXNativeTarget "UITestTests" */ = {
			isa = XCConfigurationList;
			buildConfigurations = (
				BC4269682A9E32450048CA12 /* Debug */,
				BC4269692A9E32450048CA12 /* Release */,
			);
			defaultConfigurationIsVisible = 0;
			defaultConfigurationName = Release;
		};
		BC42696A2A9E32450048CA12 /* Build configuration list for PBXNativeTarget "UITestUITests" */ = {
			isa = XCConfigurationList;
			buildConfigurations = (
				BC42696B2A9E32450048CA12 /* Debug */,
				BC42696C2A9E32450048CA12 /* Release */,
			);
			defaultConfigurationIsVisible = 0;
			defaultConfigurationName = Release;
		};
/* End XCConfigurationList section */

/* Begin XCVersionGroup section */
		BC4269432A9E32450048CA12 /* UITest.xcdatamodeld */ = {
			isa = XCVersionGroup;
			children = (
				BC4269442A9E32450048CA12 /* UITest.xcdatamodel */,
			);
			currentVersion = BC4269442A9E32450048CA12 /* UITest.xcdatamodel */;
			path = UITest.xcdatamodeld;
			sourceTree = "<group>";
			versionGroupType = wrapper.xcdatamodel;
		};
/* End XCVersionGroup section */
	};
	rootObject = BC42692F2A9E32450048CA12 /* Project object */;
}
